// !$*UTF8*$!
{
	archiveVersion = 1;
	classes = {
	};
	objectVersion = 46;
	objects = {

/* Begin PBXBuildFile section */
		D1404F681C4DD38D002DAB77 /* AppDelegate.swift in Sources */ = {isa = PBXBuildFile; fileRef = D1404F671C4DD38D002DAB77 /* AppDelegate.swift */; };
		D1404F6A1C4DD38D002DAB77 /* ViewController.swift in Sources */ = {isa = PBXBuildFile; fileRef = D1404F691C4DD38D002DAB77 /* ViewController.swift */; };
		D1404F6D1C4DD38D002DAB77 /* Main.storyboard in Resources */ = {isa = PBXBuildFile; fileRef = D1404F6B1C4DD38D002DAB77 /* Main.storyboard */; };
		D1404F6F1C4DD38D002DAB77 /* Assets.xcassets in Resources */ = {isa = PBXBuildFile; fileRef = D1404F6E1C4DD38D002DAB77 /* Assets.xcassets */; };
		D1404F721C4DD38D002DAB77 /* LaunchScreen.storyboard in Resources */ = {isa = PBXBuildFile; fileRef = D1404F701C4DD38D002DAB77 /* LaunchScreen.storyboard */; };
/* End PBXBuildFile section */

/* Begin PBXFileReference section */
		D1404F641C4DD38D002DAB77 /* SuperCool.app */ = {isa = PBXFileReference; explicitFileType = wrapper.application; includeInIndex = 0; path = SuperCool.app; sourceTree = BUILT_PRODUCTS_DIR; };
		D1404F671C4DD38D002DAB77 /* AppDelegate.swift */ = {isa = PBXFileReference; lastKnownFileType = sourcecode.swift; path = AppDelegate.swift; sourceTree = "<group>"; };
		D1404F691C4DD38D002DAB77 /* ViewController.swift */ = {isa = PBXFileReference; lastKnownFileType = sourcecode.swift; path = ViewController.swift; sourceTree = "<group>"; };
		D1404F6C1C4DD38D002DAB77 /* Base */ = {isa = PBXFileReference; lastKnownFileType = file.storyboard; name = Base; path = Base.lproj/Main.storyboard; sourceTree = "<group>"; };
		D1404F6E1C4DD38D002DAB77 /* Assets.xcassets */ = {isa = PBXFileReference; lastKnownFileType = folder.assetcatalog; path = Assets.xcassets; sourceTree = "<group>"; };
		D1404F711C4DD38D002DAB77 /* Base */ = {isa = PBXFileReference; lastKnownFileType = file.storyboard; name = Base; path = Base.lproj/LaunchScreen.storyboard; sourceTree = "<group>"; };
		D1404F731C4DD38D002DAB77 /* Info.plist */ = {isa = PBXFileReference; lastKnownFileType = text.plist.xml; path = Info.plist; sourceTree = "<group>"; };
/* End PBXFileReference section */

/* Begin PBXFrameworksBuildPhase section */
		D1404F611C4DD38D002DAB77 /* Frameworks */ = {
			isa = PBXFrameworksBuildPhase;
			buildActionMask = 2147483647;
			files = (
			);
			runOnlyForDeploymentPostprocessing = 0;
		};
/* End PBXFrameworksBuildPhase section */

/* Begin PBXGroup section */
		D1404F5B1C4DD38D002DAB77 = {
			isa = PBXGroup;
			children = (
				D1404F661C4DD38D002DAB77 /* SuperCool */,
				D1404F651C4DD38D002DAB77 /* Products */,
			);
			sourceTree = "<group>";
		};
		D1404F651C4DD38D002DAB77 /* Products */ = {
			isa = PBXGroup;
			children = (
				D1404F641C4DD38D002DAB77 /* SuperCool.app */,
			);
			name = Products;
			sourceTree = "<group>";
		};
		D1404F661C4DD38D002DAB77 /* SuperCool */ = {
			isa = PBXGroup;
			children = (
				D1404F671C4DD38D002DAB77 /* AppDelegate.swift */,
				D1404F691C4DD38D002DAB77 /* ViewController.swift */,
				D1404F6B1C4DD38D002DAB77 /* Main.storyboard */,
				D1404F6E1C4DD38D002DAB77 /* Assets.xcassets */,
				D1404F701C4DD38D002DAB77 /* LaunchScreen.storyboard */,
				D1404F731C4DD38D002DAB77 /* Info.plist */,
			);
			path = SuperCool;
			sourceTree = "<group>";
		};
/* End PBXGroup section */

/* Begin PBXNativeTarget section */
		D1404F631C4DD38D002DAB77 /* SuperCool */ = {
			isa = PBXNativeTarget;
			buildConfigurationList = D1404F761C4DD38D002DAB77 /* Build configuration list for PBXNativeTarget "SuperCool" */;
			buildPhases = (
				D1404F601C4DD38D002DAB77 /* Sources */,
				D1404F611C4DD38D002DAB77 /* Frameworks */,
				D1404F621C4DD38D002DAB77 /* Resources */,
			);
			buildRules = (
			);
			dependencies = (
			);
			name = SuperCool;
			productName = SuperCool;
			productReference = D1404F641C4DD38D002DAB77 /* SuperCool.app */;
			productType = "com.apple.product-type.application";
		};
/* End PBXNativeTarget section */

/* Begin PBXProject section */
		D1404F5C1C4DD38D002DAB77 /* Project object */ = {
			isa = PBXProject;
			attributes = {
				LastSwiftUpdateCheck = 0720;
				LastUpgradeCheck = 0720;
				ORGANIZATIONNAME = SlegDesign;
				TargetAttributes = {
					D1404F631C4DD38D002DAB77 = {
						CreatedOnToolsVersion = 7.2;
					};
				};
			};
			buildConfigurationList = D1404F5F1C4DD38D002DAB77 /* Build configuration list for PBXProject "SuperCool" */;
			compatibilityVersion = "Xcode 3.2";
			developmentRegion = English;
			hasScannedForEncodings = 0;
			knownRegions = (
				en,
				Base,
			);
			mainGroup = D1404F5B1C4DD38D002DAB77;
			productRefGroup = D1404F651C4DD38D002DAB77 /* Products */;
			projectDirPath = "";
			projectRoot = "";
			targets = (
				D1404F631C4DD38D002DAB77 /* SuperCool */,
			);
		};
/* End PBXProject section */

/* Begin PBXResourcesBuildPhase section */
		D1404F621C4DD38D002DAB77 /* Resources */ = {
			isa = PBXResourcesBuildPhase;
			buildActionMask = 2147483647;
			files = (
				D1404F721C4DD38D002DAB77 /* LaunchScreen.storyboard in Resources */,
				D1404F6F1C4DD38D002DAB77 /* Assets.xcassets in Resources */,
				D1404F6D1C4DD38D002DAB77 /* Main.storyboard in Resources */,
			);
			runOnlyForDeploymentPostprocessing = 0;
		};
/* End PBXResourcesBuildPhase section */

/* Begin PBXSourcesBuildPhase section */
		D1404F601C4DD38D002DAB77 /* Sources */ = {
			isa = PBXSourcesBuildPhase;
			buildActionMask = 2147483647;
			files = (
				D1404F6A1C4DD38D002DAB77 /* ViewController.swift in Sources */,
				D1404F681C4DD38D002DAB77 /* AppDelegate.swift in Sources */,
			);
			runOnlyForDeploymentPostprocessing = 0;
		};
/* End PBXSourcesBuildPhase section */

/* Begin PBXVariantGroup section */
		D1404F6B1C4DD38D002DAB77 /* Main.storyboard */ = {
			isa = PBXVariantGroup;
			children = (
				D1404F6C1C4DD38D002DAB77 /* Base */,
			);
			name = Main.storyboard;
			sourceTree = "<group>";
		};
		D1404F701C4DD38D002DAB77 /* LaunchScreen.storyboard */ = {
			isa = PBXVariantGroup;
			children = (
				D1404F711C4DD38D002DAB77 /* Base */,
			);
			name = LaunchScreen.storyboard;
			sourceTree = "<group>";
		};
/* End PBXVariantGroup section */

/* Begin XCBuildConfiguration section */
		D1404F741C4DD38D002DAB77 /* Debug */ = {
			isa = XCBuildConfiguration;
			buildSettings = {
				ALWAYS_SEARCH_USER_PATHS = NO;
				CLANG_CXX_LANGUAGE_STANDARD = "gnu++0x";
				CLANG_CXX_LIBRARY = "libc++";
				CLANG_ENABLE_MODULES = YES;
				CLANG_ENABLE_OBJC_ARC = YES;
				CLANG_WARN_BOOL_CONVERSION = YES;
				CLANG_WARN_CONSTANT_CONVERSION = YES;
				CLANG_WARN_DIRECT_OBJC_ISA_USAGE = YES_ERROR;
				CLANG_WARN_EMPTY_BODY = YES;
				CLANG_WARN_ENUM_CONVERSION = YES;
				CLANG_WARN_INT_CONVERSION = YES;
				CLANG_WARN_OBJC_ROOT_CLASS = YES_ERROR;
				CLANG_WARN_UNREACHABLE_CODE = YES;
				CLANG_WARN__DUPLICATE_METHOD_MATCH = YES;
				"CODE_SIGN_IDENTITY[sdk=iphoneos*]" = "iPhone Developer";
				COPY_PHASE_STRIP = NO;
				DEBUG_INFORMATION_FORMAT = dwarf;
				ENABLE_STRICT_OBJC_MSGSEND = YES;
				ENABLE_TESTABILITY = YES;
				GCC_C_LANGUAGE_STANDARD = gnu99;
				GCC_DYNAMIC_NO_PIC = NO;
				GCC_NO_COMMON_BLOCKS = YES;
				GCC_OPTIMIZATION_LEVEL = 0;
				GCC_PREPROCESSOR_DEFINITIONS = (
					"DEBUG=1",
					"$(inherited)",
				);
				GCC_WARN_64_TO_32_BIT_CONVERSION = YES;
				GCC_WARN_ABOUT_RETURN_TYPE = YES_ERROR;
				GCC_WARN_UNDECLARED_SELECTOR = YES;
				GCC_WARN_UNINITIALIZED_AUTOS = YES_AGGRESSIVE;
				GCC_WARN_UNUSED_FUNCTION = YES;
				GCC_WARN_UNUSED_VARIABLE = YES;
				IPHONEOS_DEPLOYMENT_TARGET = 9.2;
				MTL_ENABLE_DEBUG_INFO = YES;
				ONLY_ACTIVE_ARCH = YES;
				SDKROOT = iphoneos;
				SWIFT_OPTIMIZATION_LEVEL = "-Onone";
			};
			name = Debug;
		};
		D1404F751C4DD38D002DAB77 /* Release */ = {
			isa = XCBuildConfiguration;
			buildSettings = {
				ALWAYS_SEARCH_USER_PATHS = NO;
				CLANG_CXX_LANGUAGE_STANDARD = "gnu++0x";
				CLANG_CXX_LIBRARY = "libc++";
				CLANG_ENABLE_MODULES = YES;
				CLANG_ENABLE_OBJC_ARC = YES;
				CLANG_WARN_BOOL_CONVERSION = YES;
				CLANG_WARN_CONSTANT_CONVERSION = YES;
				CLANG_WARN_DIRECT_OBJC_ISA_USAGE = YES_ERROR;
				CLANG_WARN_EMPTY_BODY = YES;
				CLANG_WARN_ENUM_CONVERSION = YES;
				CLANG_WARN_INT_CONVERSION = YES;
				CLANG_WARN_OBJC_ROOT_CLASS = YES_ERROR;
				CLANG_WARN_UNREACHABLE_CODE = YES;
				CLANG_WARN__DUPLICATE_METHOD_MATCH = YES;
				"CODE_SIGN_IDENTITY[sdk=iphoneos*]" = "iPhone Developer";
				COPY_PHASE_STRIP = NO;
				DEBUG_INFORMATION_FORMAT = "dwarf-with-dsym";
				ENABLE_NS_ASSERTIONS = NO;
				ENABLE_STRICT_OBJC_MSGSEND = YES;
				GCC_C_LANGUAGE_STANDARD = gnu99;
				GCC_NO_COMMON_BLOCKS = YES;
				GCC_WARN_64_TO_32_BIT_CONVERSION = YES;
				GCC_WARN_ABOUT_RETURN_TYPE = YES_ERROR;
				GCC_WARN_UNDECLARED_SELECTOR = YES;
				GCC_WARN_UNINITIALIZED_AUTOS = YES_AGGRESSIVE;
				GCC_WARN_UNUSED_FUNCTION = YES;
				GCC_WARN_UNUSED_VARIABLE = YES;
				IPHONEOS_DEPLOYMENT_TARGET = 9.2;
				MTL_ENABLE_DEBUG_INFO = NO;
				SDKROOT = iphoneos;
				VALIDATE_PRODUCT = YES;
			};
			name = Release;
		};
		D1404F771C4DD38D002DAB77 /* Debug */ = {
			isa = XCBuildConfiguration;
			buildSettings = {
				ASSETCATALOG_COMPILER_APPICON_NAME = AppIcon;
				INFOPLIST_FILE = SuperCool/Info.plist;
				LD_RUNPATH_SEARCH_PATHS = "$(inherited) @executable_path/Frameworks";
				PRODUCT_BUNDLE_IDENTIFIER = com.SlegDesign.SuperCool;
				PRODUCT_NAME = "$(TARGET_NAME)";
			};
			name = Debug;
		};
		D1404F781C4DD38D002DAB77 /* Release */ = {
			isa = XCBuildConfiguration;
			buildSettings = {
				ASSETCATALOG_COMPILER_APPICON_NAME = AppIcon;
				INFOPLIST_FILE = SuperCool/Info.plist;
				LD_RUNPATH_SEARCH_PATHS = "$(inherited) @executable_path/Frameworks";
				PRODUCT_BUNDLE_IDENTIFIER = com.SlegDesign.SuperCool;
				PRODUCT_NAME = "$(TARGET_NAME)";
			};
			name = Release;
		};
/* End XCBuildConfiguration section */

/* Begin XCConfigurationList section */
		D1404F5F1C4DD38D002DAB77 /* Build configuration list for PBXProject "SuperCool" */ = {
			isa = XCConfigurationList;
			buildConfigurations = (
				D1404F741C4DD38D002DAB77 /* Debug */,
				D1404F751C4DD38D002DAB77 /* Release */,
			);
			defaultConfigurationIsVisible = 0;
			defaultConfigurationName = Release;
		};
		D1404F761C4DD38D002DAB77 /* Build configuration list for PBXNativeTarget "SuperCool" */ = {
			isa = XCConfigurationList;
			buildConfigurations = (
				D1404F771C4DD38D002DAB77 /* Debug */,
				D1404F781C4DD38D002DAB77 /* Release */,
			);
			defaultConfigurationIsVisible = 0;
		};
/* End XCConfigurationList section */
	};
	rootObject = D1404F5C1C4DD38D002DAB77 /* Project object */;
}
